
Microsoft Visual Studio Solution File, Format Version 12.00
# Visual Studio Version 16
VisualStudioVersion = 25.0.1704.0
MinimumVisualStudioVersion = 10.0.40219.1
Project("{FAE04EC0-301F-11D3-BF4B-00C04F79EFBC}") = "Main", "Main.csproj", "{A216BA6F-12A1-4CE5-AF35-9AD31F467DF3}"
EndProject
Global
	GlobalSection(SolutionConfigurationPlatforms) = preSolution
		Debug|Any CPU = Debug|Any CPU
		Release|Any CPU = Release|Any CPU
	EndGlobalSection
	GlobalSection(ProjectConfigurationPlatforms) = postSolution
		{A216BA6F-12A1-4CE5-AF35-9AD31F467DF3}.Debug|Any CPU.ActiveCfg = Debug|Any CPU
		{A216BA6F-12A1-4CE5-AF35-9AD31F467DF3}.Debug|Any CPU.Build.0 = Debug|Any CPU
		{A216BA6F-12A1-4CE5-AF35-9AD31F467DF3}.Release|Any CPU.ActiveCfg = Release|Any CPU
		{A216BA6F-12A1-4CE5-AF35-9AD31F467DF3}.Release|Any CPU.Build.0 = Release|Any CPU
	EndGlobalSection
	GlobalSection(SolutionProperties) = preSolution
		HideSolutionNode = FALSE
	EndGlobalSection
	GlobalSection(ExtensibilityGlobals) = postSolution
		SolutionGuid = {3161736D-0B91-478F-A732-1E4122552284}
	EndGlobalSection
EndGlobal
